
Microsoft Visual Studio Solution File, Format Version 12.00
# Visual Studio Version 17
VisualStudioVersion = 17.12.35527.113
MinimumVisualStudioVersion = 10.0.40219.1
Project("{FAE04EC0-301F-11D3-BF4B-00C04F79EFBC}") = "Files_practice", "Files_practice\Files_practice.csproj", "{65E3EDC8-092F-4FF5-B237-5ED8A9FA0180}"
EndProject
Project("{FAE04EC0-301F-11D3-BF4B-00C04F79EFBC}") = "20250614_Task2", "20250614_Task2\20250614_Task2.csproj", "{6A18719B-E099-4BC7-9FAA-1CC0DD7C48AB}"
EndProject
Project("{FAE04EC0-301F-11D3-BF4B-00C04F79EFBC}") = "20250614_Task3", "20250614_Task3\20250614_Task3.csproj", "{5AB6FB0A-175A-4934-BFBF-D319E4C6006A}"
EndProject
Project("{FAE04EC0-301F-11D3-BF4B-00C04F79EFBC}") = "20250614_Task4", "20250614_Task4\20250614_Task4.csproj", "{1AC42BEF-CDF5-49D6-9CC2-D3E7765A1AAE}"
EndProject
Project("{FAE04EC0-301F-11D3-BF4B-00C04F79EFBC}") = "20250614_Task5", "20250614_Task5\20250614_Task5.csproj", "{35B1610C-60BA-456F-B3BE-10354E23C40B}"
EndProject
Project("{FAE04EC0-301F-11D3-BF4B-00C04F79EFBC}") = "20250614_Task6", "20250614_Task6\20250614_Task6.csproj", "{41D1F695-91BF-4814-9AE6-B02889D3FFC3}"
EndProject
Project("{FAE04EC0-301F-11D3-BF4B-00C04F79EFBC}") = "20250614_Task7", "20250614_Task7\20250614_Task7.csproj", "{FF7BF630-479F-41B2-9623-BD78EB0B89C2}"
EndProject
Project("{FAE04EC0-301F-11D3-BF4B-00C04F79EFBC}") = "20250614_Task8", "20250614_Task8\20250614_Task8.csproj", "{357075C4-5857-49A1-A4AA-8E4C3745FFDE}"
EndProject
Project("{FAE04EC0-301F-11D3-BF4B-00C04F79EFBC}") = "20250614_Task9", "20250614_Task9\20250614_Task9.csproj", "{4D4212BE-96F3-4AFC-A3B5-3EF78A15DDBB}"
EndProject
Project("{FAE04EC0-301F-11D3-BF4B-00C04F79EFBC}") = "20250614_Task10", "20250614_Task10\20250614_Task10.csproj", "{639BC0E4-0559-40F4-B5CF-9B28E232678A}"
EndProject
Project("{FAE04EC0-301F-11D3-BF4B-00C04F79EFBC}") = "20250614_Task11", "20250614_Task11\20250614_Task11.csproj", "{843E3EE5-8F47-4C57-8953-F3FBC61ECA81}"
EndProject
Project("{FAE04EC0-301F-11D3-BF4B-00C04F79EFBC}") = "20250614_Task12", "20250614_Task12\20250614_Task12.csproj", "{19EFE50B-2491-4F8F-BE3E-BF3CC2860B80}"
EndProject
Project("{FAE04EC0-301F-11D3-BF4B-00C04F79EFBC}") = "20250614_Task13", "20250614_Task13\20250614_Task13.csproj", "{65AA914B-9335-4517-9E1F-4AA095A86B2A}"
EndProject
Project("{FAE04EC0-301F-11D3-BF4B-00C04F79EFBC}") = "20250621_Task14", "20250621_Task14\20250621_Task14.csproj", "{6EB73614-1F0D-431A-9A3A-F7BD14DCD7C2}"
EndProject
Project("{FAE04EC0-301F-11D3-BF4B-00C04F79EFBC}") = "20250621_Task15", "20250621_Task15\20250621_Task15.csproj", "{883F35CD-F202-4AA1-9B47-76B50951EE88}"
EndProject
Project("{FAE04EC0-301F-11D3-BF4B-00C04F79EFBC}") = "20250621_Task16", "20250621_Task16\20250621_Task16.csproj", "{94AF936B-71CA-4E0C-93FE-3DFDA644EC77}"
EndProject
Project("{FAE04EC0-301F-11D3-BF4B-00C04F79EFBC}") = "20250621_Task17", "20250621_Task17\20250621_Task17.csproj", "{4D101DE7-7BC9-4F1D-B04F-83EC429340AC}"
EndProject
Project("{FAE04EC0-301F-11D3-BF4B-00C04F79EFBC}") = "20250622_Task18", "20250622_Task18\20250622_Task18.csproj", "{31D037B3-710A-4738-BD30-D148F90B9382}"
EndProject
Project("{FAE04EC0-301F-11D3-BF4B-00C04F79EFBC}") = "20250625_Task19", "20250625_Task19\20250625_Task19.csproj", "{5CF12F0E-491C-450D-80C3-0A026B28797C}"
EndProject
Project("{FAE04EC0-301F-11D3-BF4B-00C04F79EFBC}") = "20250625_Task20", "20250625_Task20\20250625_Task20.csproj", "{D4867BFB-F924-4255-8BA2-5491B09D9C06}"
EndProject
Project("{FAE04EC0-301F-11D3-BF4B-00C04F79EFBC}") = "20250625_Task21", "20250625_Task21\20250625_Task21.csproj", "{1E79AE34-B037-4C53-96DC-2A8FF6AFF8B0}"
EndProject
Global
	GlobalSection(SolutionConfigurationPlatforms) = preSolution
		Debug|Any CPU = Debug|Any CPU
		Release|Any CPU = Release|Any CPU
	EndGlobalSection
	GlobalSection(ProjectConfigurationPlatforms) = postSolution
		{65E3EDC8-092F-4FF5-B237-5ED8A9FA0180}.Debug|Any CPU.ActiveCfg = Debug|Any CPU
		{65E3EDC8-092F-4FF5-B237-5ED8A9FA0180}.Debug|Any CPU.Build.0 = Debug|Any CPU
		{65E3EDC8-092F-4FF5-B237-5ED8A9FA0180}.Release|Any CPU.ActiveCfg = Release|Any CPU
		{65E3EDC8-092F-4FF5-B237-5ED8A9FA0180}.Release|Any CPU.Build.0 = Release|Any CPU
		{6A18719B-E099-4BC7-9FAA-1CC0DD7C48AB}.Debug|Any CPU.ActiveCfg = Debug|Any CPU
		{6A18719B-E099-4BC7-9FAA-1CC0DD7C48AB}.Debug|Any CPU.Build.0 = Debug|Any CPU
		{6A18719B-E099-4BC7-9FAA-1CC0DD7C48AB}.Release|Any CPU.ActiveCfg = Release|Any CPU
		{6A18719B-E099-4BC7-9FAA-1CC0DD7C48AB}.Release|Any CPU.Build.0 = Release|Any CPU
		{5AB6FB0A-175A-4934-BFBF-D319E4C6006A}.Debug|Any CPU.ActiveCfg = Debug|Any CPU
		{5AB6FB0A-175A-4934-BFBF-D319E4C6006A}.Debug|Any CPU.Build.0 = Debug|Any CPU
		{5AB6FB0A-175A-4934-BFBF-D319E4C6006A}.Release|Any CPU.ActiveCfg = Release|Any CPU
		{5AB6FB0A-175A-4934-BFBF-D319E4C6006A}.Release|Any CPU.Build.0 = Release|Any CPU
		{1AC42BEF-CDF5-49D6-9CC2-D3E7765A1AAE}.Debug|Any CPU.ActiveCfg = Debug|Any CPU
		{1AC42BEF-CDF5-49D6-9CC2-D3E7765A1AAE}.Debug|Any CPU.Build.0 = Debug|Any CPU
		{1AC42BEF-CDF5-49D6-9CC2-D3E7765A1AAE}.Release|Any CPU.ActiveCfg = Release|Any CPU
		{1AC42BEF-CDF5-49D6-9CC2-D3E7765A1AAE}.Release|Any CPU.Build.0 = Release|Any CPU
		{35B1610C-60BA-456F-B3BE-10354E23C40B}.Debug|Any CPU.ActiveCfg = Debug|Any CPU
		{35B1610C-60BA-456F-B3BE-10354E23C40B}.Debug|Any CPU.Build.0 = Debug|Any CPU
		{35B1610C-60BA-456F-B3BE-10354E23C40B}.Release|Any CPU.ActiveCfg = Release|Any CPU
		{35B1610C-60BA-456F-B3BE-10354E23C40B}.Release|Any CPU.Build.0 = Release|Any CPU
		{41D1F695-91BF-4814-9AE6-B02889D3FFC3}.Debug|Any CPU.ActiveCfg = Debug|Any CPU
		{41D1F695-91BF-4814-9AE6-B02889D3FFC3}.Debug|Any CPU.Build.0 = Debug|Any CPU
		{41D1F695-91BF-4814-9AE6-B02889D3FFC3}.Release|Any CPU.ActiveCfg = Release|Any CPU
		{41D1F695-91BF-4814-9AE6-B02889D3FFC3}.Release|Any CPU.Build.0 = Release|Any CPU
		{FF7BF630-479F-41B2-9623-BD78EB0B89C2}.Debug|Any CPU.ActiveCfg = Debug|Any CPU
		{FF7BF630-479F-41B2-9623-BD78EB0B89C2}.Debug|Any CPU.Build.0 = Debug|Any CPU
		{FF7BF630-479F-41B2-9623-BD78EB0B89C2}.Release|Any CPU.ActiveCfg = Release|Any CPU
		{FF7BF630-479F-41B2-9623-BD78EB0B89C2}.Release|Any CPU.Build.0 = Release|Any CPU
		{357075C4-5857-49A1-A4AA-8E4C3745FFDE}.Debug|Any CPU.ActiveCfg = Debug|Any CPU
		{357075C4-5857-49A1-A4AA-8E4C3745FFDE}.Debug|Any CPU.Build.0 = Debug|Any CPU
		{357075C4-5857-49A1-A4AA-8E4C3745FFDE}.Release|Any CPU.ActiveCfg = Release|Any CPU
		{357075C4-5857-49A1-A4AA-8E4C3745FFDE}.Release|Any CPU.Build.0 = Release|Any CPU
		{4D4212BE-96F3-4AFC-A3B5-3EF78A15DDBB}.Debug|Any CPU.ActiveCfg = Debug|Any CPU
		{4D4212BE-96F3-4AFC-A3B5-3EF78A15DDBB}.Debug|Any CPU.Build.0 = Debug|Any CPU
		{4D4212BE-96F3-4AFC-A3B5-3EF78A15DDBB}.Release|Any CPU.ActiveCfg = Release|Any CPU
		{4D4212BE-96F3-4AFC-A3B5-3EF78A15DDBB}.Release|Any CPU.Build.0 = Release|Any CPU
		{639BC0E4-0559-40F4-B5CF-9B28E232678A}.Debug|Any CPU.ActiveCfg = Debug|Any CPU
		{639BC0E4-0559-40F4-B5CF-9B28E232678A}.Debug|Any CPU.Build.0 = Debug|Any CPU
		{639BC0E4-0559-40F4-B5CF-9B28E232678A}.Release|Any CPU.ActiveCfg = Release|Any CPU
		{639BC0E4-0559-40F4-B5CF-9B28E232678A}.Release|Any CPU.Build.0 = Release|Any CPU
		{843E3EE5-8F47-4C57-8953-F3FBC61ECA81}.Debug|Any CPU.ActiveCfg = Debug|Any CPU
		{843E3EE5-8F47-4C57-8953-F3FBC61ECA81}.Debug|Any CPU.Build.0 = Debug|Any CPU
		{843E3EE5-8F47-4C57-8953-F3FBC61ECA81}.Release|Any CPU.ActiveCfg = Release|Any CPU
		{843E3EE5-8F47-4C57-8953-F3FBC61ECA81}.Release|Any CPU.Build.0 = Release|Any CPU
		{19EFE50B-2491-4F8F-BE3E-BF3CC2860B80}.Debug|Any CPU.ActiveCfg = Debug|Any CPU
		{19EFE50B-2491-4F8F-BE3E-BF3CC2860B80}.Debug|Any CPU.Build.0 = Debug|Any CPU
		{19EFE50B-2491-4F8F-BE3E-BF3CC2860B80}.Release|Any CPU.ActiveCfg = Release|Any CPU
		{19EFE50B-2491-4F8F-BE3E-BF3CC2860B80}.Release|Any CPU.Build.0 = Release|Any CPU
		{65AA914B-9335-4517-9E1F-4AA095A86B2A}.Debug|Any CPU.ActiveCfg = Debug|Any CPU
		{65AA914B-9335-4517-9E1F-4AA095A86B2A}.Debug|Any CPU.Build.0 = Debug|Any CPU
		{65AA914B-9335-4517-9E1F-4AA095A86B2A}.Release|Any CPU.ActiveCfg = Release|Any CPU
		{65AA914B-9335-4517-9E1F-4AA095A86B2A}.Release|Any CPU.Build.0 = Release|Any CPU
		{6EB73614-1F0D-431A-9A3A-F7BD14DCD7C2}.Debug|Any CPU.ActiveCfg = Debug|Any CPU
		{6EB73614-1F0D-431A-9A3A-F7BD14DCD7C2}.Debug|Any CPU.Build.0 = Debug|Any CPU
		{6EB73614-1F0D-431A-9A3A-F7BD14DCD7C2}.Release|Any CPU.ActiveCfg = Release|Any CPU
		{6EB73614-1F0D-431A-9A3A-F7BD14DCD7C2}.Release|Any CPU.Build.0 = Release|Any CPU
		{883F35CD-F202-4AA1-9B47-76B50951EE88}.Debug|Any CPU.ActiveCfg = Debug|Any CPU
		{883F35CD-F202-4AA1-9B47-76B50951EE88}.Debug|Any CPU.Build.0 = Debug|Any CPU
		{883F35CD-F202-4AA1-9B47-76B50951EE88}.Release|Any CPU.ActiveCfg = Release|Any CPU
		{883F35CD-F202-4AA1-9B47-76B50951EE88}.Release|Any CPU.Build.0 = Release|Any CPU
		{94AF936B-71CA-4E0C-93FE-3DFDA644EC77}.Debug|Any CPU.ActiveCfg = Debug|Any CPU
		{94AF936B-71CA-4E0C-93FE-3DFDA644EC77}.Debug|Any CPU.Build.0 = Debug|Any CPU
		{94AF936B-71CA-4E0C-93FE-3DFDA644EC77}.Release|Any CPU.ActiveCfg = Release|Any CPU
		{94AF936B-71CA-4E0C-93FE-3DFDA644EC77}.Release|Any CPU.Build.0 = Release|Any CPU
		{4D101DE7-7BC9-4F1D-B04F-83EC429340AC}.Debug|Any CPU.ActiveCfg = Debug|Any CPU
		{4D101DE7-7BC9-4F1D-B04F-83EC429340AC}.Debug|Any CPU.Build.0 = Debug|Any CPU
		{4D101DE7-7BC9-4F1D-B04F-83EC429340AC}.Release|Any CPU.ActiveCfg = Release|Any CPU
		{4D101DE7-7BC9-4F1D-B04F-83EC429340AC}.Release|Any CPU.Build.0 = Release|Any CPU
		{31D037B3-710A-4738-BD30-D148F90B9382}.Debug|Any CPU.ActiveCfg = Debug|Any CPU
		{31D037B3-710A-4738-BD30-D148F90B9382}.Debug|Any CPU.Build.0 = Debug|Any CPU
		{31D037B3-710A-4738-BD30-D148F90B9382}.Release|Any CPU.ActiveCfg = Release|Any CPU
		{31D037B3-710A-4738-BD30-D148F90B9382}.Release|Any CPU.Build.0 = Release|Any CPU
		{5CF12F0E-491C-450D-80C3-0A026B28797C}.Debug|Any CPU.ActiveCfg = Debug|Any CPU
		{5CF12F0E-491C-450D-80C3-0A026B28797C}.Debug|Any CPU.Build.0 = Debug|Any CPU
		{5CF12F0E-491C-450D-80C3-0A026B28797C}.Release|Any CPU.ActiveCfg = Release|Any CPU
		{5CF12F0E-491C-450D-80C3-0A026B28797C}.Release|Any CPU.Build.0 = Release|Any CPU
		{D4867BFB-F924-4255-8BA2-5491B09D9C06}.Debug|Any CPU.ActiveCfg = Debug|Any CPU
		{D4867BFB-F924-4255-8BA2-5491B09D9C06}.Debug|Any CPU.Build.0 = Debug|Any CPU
		{D4867BFB-F924-4255-8BA2-5491B09D9C06}.Release|Any CPU.ActiveCfg = Release|Any CPU
		{D4867BFB-F924-4255-8BA2-5491B09D9C06}.Release|Any CPU.Build.0 = Release|Any CPU
		{1E79AE34-B037-4C53-96DC-2A8FF6AFF8B0}.Debug|Any CPU.ActiveCfg = Debug|Any CPU
		{1E79AE34-B037-4C53-96DC-2A8FF6AFF8B0}.Debug|Any CPU.Build.0 = Debug|Any CPU
		{1E79AE34-B037-4C53-96DC-2A8FF6AFF8B0}.Release|Any CPU.ActiveCfg = Release|Any CPU
		{1E79AE34-B037-4C53-96DC-2A8FF6AFF8B0}.Release|Any CPU.Build.0 = Release|Any CPU
	EndGlobalSection
	GlobalSection(SolutionProperties) = preSolution
		HideSolutionNode = FALSE
	EndGlobalSection
	GlobalSection(ExtensibilityGlobals) = postSolution
		SolutionGuid = {BD45DBB3-123E-486F-ABCC-46C9A692FE1D}
	EndGlobalSection
EndGlobal
